
Microsoft Visual Studio Solution File, Format Version 12.00
# Visual Studio Version 17
VisualStudioVersion = 17.7.34024.191
MinimumVisualStudioVersion = 10.0.40219.1
Project("{FAE04EC0-301F-11D3-BF4B-00C04F79EFBC}") = "csharp-cibi-preferiti", "csharp-cibi-preferiti\csharp-cibi-preferiti.csproj", "{6FE69522-729D-48EB-B494-AA215A708DE1}"
EndProject
Global
	GlobalSection(SolutionConfigurationPlatforms) = preSolution
		Debug|Any CPU = Debug|Any CPU
		Release|Any CPU = Release|Any CPU
	EndGlobalSection
	GlobalSection(ProjectConfigurationPlatforms) = postSolution
		{6FE69522-729D-48EB-B494-AA215A708DE1}.Debug|Any CPU.ActiveCfg = Debug|Any CPU
		{6FE69522-729D-48EB-B494-AA215A708DE1}.Debug|Any CPU.Build.0 = Debug|Any CPU
		{6FE69522-729D-48EB-B494-AA215A708DE1}.Release|Any CPU.ActiveCfg = Release|Any CPU
		{6FE69522-729D-48EB-B494-AA215A708DE1}.Release|Any CPU.Build.0 = Release|Any CPU
	EndGlobalSection
	GlobalSection(SolutionProperties) = preSolution
		HideSolutionNode = FALSE
	EndGlobalSection
	GlobalSection(ExtensibilityGlobals) = postSolution
		SolutionGuid = {1F0C12D3-03D6-46E9-9A39-A4986CB53516}
	EndGlobalSection
EndGlobal
